
Microsoft Visual Studio Solution File, Format Version 12.00
# Visual Studio Version 17
VisualStudioVersion = 17.3.32929.385
MinimumVisualStudioVersion = 10.0.40219.1
Project("{FAE04EC0-301F-11D3-BF4B-00C04F79EFBC}") = "Mango.Web", "Mango.Web\Mango.Web.csproj", "{E98AB385-4C89-40A4-AD09-E8376F0BD581}"
EndProject
Project("{2150E333-8FDC-42A3-9474-1A3956D46DE8}") = "FrontEnd", "FrontEnd", "{B4720D44-9BAA-40E7-8C80-7D1A01C17455}"
EndProject
Project("{2150E333-8FDC-42A3-9474-1A3956D46DE8}") = "Services", "Services", "{A01074E7-2DC2-4829-87E9-1A7F7BA42E79}"
EndProject
Project("{FAE04EC0-301F-11D3-BF4B-00C04F79EFBC}") = "Mango.Services.ProductApi", "Mango.web.Services.ProductApi\Mango.Services.ProductApi.csproj", "{C52082A4-79CA-4DE5-8EB3-CF34447B20C5}"
EndProject
Global
	GlobalSection(SolutionConfigurationPlatforms) = preSolution
		Debug|Any CPU = Debug|Any CPU
		Release|Any CPU = Release|Any CPU
	EndGlobalSection
	GlobalSection(ProjectConfigurationPlatforms) = postSolution
		{E98AB385-4C89-40A4-AD09-E8376F0BD581}.Debug|Any CPU.ActiveCfg = Debug|Any CPU
		{E98AB385-4C89-40A4-AD09-E8376F0BD581}.Debug|Any CPU.Build.0 = Debug|Any CPU
		{E98AB385-4C89-40A4-AD09-E8376F0BD581}.Release|Any CPU.ActiveCfg = Release|Any CPU
		{E98AB385-4C89-40A4-AD09-E8376F0BD581}.Release|Any CPU.Build.0 = Release|Any CPU
		{C52082A4-79CA-4DE5-8EB3-CF34447B20C5}.Debug|Any CPU.ActiveCfg = Debug|Any CPU
		{C52082A4-79CA-4DE5-8EB3-CF34447B20C5}.Debug|Any CPU.Build.0 = Debug|Any CPU
		{C52082A4-79CA-4DE5-8EB3-CF34447B20C5}.Release|Any CPU.ActiveCfg = Release|Any CPU
		{C52082A4-79CA-4DE5-8EB3-CF34447B20C5}.Release|Any CPU.Build.0 = Release|Any CPU
	EndGlobalSection
	GlobalSection(SolutionProperties) = preSolution
		HideSolutionNode = FALSE
	EndGlobalSection
	GlobalSection(NestedProjects) = preSolution
		{E98AB385-4C89-40A4-AD09-E8376F0BD581} = {B4720D44-9BAA-40E7-8C80-7D1A01C17455}
		{C52082A4-79CA-4DE5-8EB3-CF34447B20C5} = {A01074E7-2DC2-4829-87E9-1A7F7BA42E79}
	EndGlobalSection
	GlobalSection(ExtensibilityGlobals) = postSolution
		SolutionGuid = {D9B1DD78-9B77-4D78-B18E-2B564D9A3E73}
	EndGlobalSection
EndGlobal
